{"1.2.0",
[{<<"cowlib">>,
  {git,"https://github.com/ninenines/cowlib",
       {ref,"106ba84bb04537879d8ce59321a04e0682110b91"}},
  1},
 {<<"gun">>,
  {git,"https://github.com/ninenines/gun.git",
       {ref,"a916560ed43e7048cce54c8955f8ae0f08d69a3a"}},
  0},
 {<<"jiffy">>,{pkg,<<"jiffy">>,<<"1.0.4">>},0},
 {<<"yval">>,
  {git,"https://github.com/zinid/yval.git",
       {ref,"432902afcb48a4d6b568893a9831dd504626b133"}},
  0}]}.
[
{pkg_hash,[
 {<<"jiffy">>, <<"72ADEFF75C52A2FF07DE738F0813768ABE7CE158026CC1115A170340259C0CAA">>}]},
{pkg_hash_ext,[
 {<<"jiffy">>, <<"113E5299EE4E6B9F40204256D7BBBD1CAF646EDEAEF31EF0F7F5F842C0DAD39E">>}]}
].
